{
  "name": "arcgis-toc",
  "version": "0.1.0",
  "lockfileVersion": 1,
  "requires": true,
  "dependencies": {
    "@types/arcgis-js-api": {
      "version": "3.22.0",
      "resolved": "https://registry.npmjs.org/@types/arcgis-js-api/-/arcgis-js-api-3.22.0.tgz",
      "integrity": "sha512-Eokfe09wHOjw9QAz0ybFdz+7xjAO+DGTKKyLOOwmDkaE/6+nZJ+yPXyXb/mr/cMoWjLrGN6Vx7vTfp00A97Vrw=="
    },
    "@types/dojo": {
      "version": "1.9.40",
      "resolved": "https://registry.npmjs.org/@types/dojo/-/dojo-1.9.40.tgz",
      "integrity": "sha512-FbU4UeyeVHzJS2gih3+dZU4kiWl1yVNsHzeCVZ7d4rPpgw/K7TQUUJ0kqNx8YBLXHRXuxvLLUDP/Y43Bh6txwQ==",
      "dev": true
    }
  }
}
